# This file was autogenerated by uv via the following command:
#    uv pip compile config/pallas/phase2-worker-requirements.in -o config/pallas/phase2-worker-requirements.lock --python-version 3.12 --python-platform x86_64-manylinux_2_31
absl-py==2.5.0
    # via chex
chex==0.1.91
    # via -r config/pallas/phase2-worker-requirements.in
jax==0.10.1
    # via
    #   -r config/pallas/phase2-worker-requirements.in
    #   chex
jaxlib==0.10.1
    # via
    #   -r config/pallas/phase2-worker-requirements.in
    #   chex
    #   jax
libtpu==0.0.41
    # via -r config/pallas/phase2-worker-requirements.in
ml-dtypes==0.5.3
    # via
    #   -r config/pallas/phase2-worker-requirements.in
    #   jax
    #   jaxlib
numpy==2.2.6
    # via
    #   -r config/pallas/phase2-worker-requirements.in
    #   chex
    #   jax
    #   jaxlib
    #   ml-dtypes
    #   scipy
opt-einsum==3.4.0
    # via jax
scipy==1.15.3
    # via
    #   -r config/pallas/phase2-worker-requirements.in
    #   jax
    #   jaxlib
tomli==2.2.1
    # via -r config/pallas/phase2-worker-requirements.in
toolz==1.1.0
    # via chex
typing-extensions==4.16.0
    # via chex
