# This file was autogenerated by uv via the following command:
#    uv pip compile config/pallas/phase31-agent-requirements.in -o config/pallas/phase31-agent-requirements.lock --python-version 3.12 --python-platform x86_64-manylinux_2_31
jax==0.10.1
    # via -r config/pallas/phase31-agent-requirements.in
jaxlib==0.10.1
    # via
    #   -r config/pallas/phase31-agent-requirements.in
    #   jax
ml-dtypes==0.5.4
    # via
    #   jax
    #   jaxlib
numpy==2.2.6
    # via
    #   -r config/pallas/phase31-agent-requirements.in
    #   jax
    #   jaxlib
    #   ml-dtypes
    #   scipy
opt-einsum==3.4.0
    # via jax
scipy==1.18.0
    # via
    #   jax
    #   jaxlib
